
Microsoft Visual Studio Solution File, Format Version 12.00
# Visual Studio Version 17
VisualStudioVersion = 17.4.33205.214
MinimumVisualStudioVersion = 10.0.40219.1
Project("{FAE04EC0-301F-11D3-BF4B-00C04F79EFBC}") = "RestaurantManagementApp", "RestaurantManagementApp.csproj", "{75762D41-C1D5-4BAB-8FEE-2F34156E86AA}"
EndProject
Global
	GlobalSection(SolutionConfigurationPlatforms) = preSolution
		Debug|Any CPU = Debug|Any CPU
		Release|Any CPU = Release|Any CPU
	EndGlobalSection
	GlobalSection(ProjectConfigurationPlatforms) = postSolution
		{75762D41-C1D5-4BAB-8FEE-2F34156E86AA}.Debug|Any CPU.ActiveCfg = Debug|Any CPU
		{75762D41-C1D5-4BAB-8FEE-2F34156E86AA}.Debug|Any CPU.Build.0 = Debug|Any CPU
		{75762D41-C1D5-4BAB-8FEE-2F34156E86AA}.Release|Any CPU.ActiveCfg = Release|Any CPU
		{75762D41-C1D5-4BAB-8FEE-2F34156E86AA}.Release|Any CPU.Build.0 = Release|Any CPU
	EndGlobalSection
	GlobalSection(SolutionProperties) = preSolution
		HideSolutionNode = FALSE
	EndGlobalSection
	GlobalSection(ExtensibilityGlobals) = postSolution
		SolutionGuid = {8153551A-556A-4656-AFF0-845DB53EB70E}
	EndGlobalSection
EndGlobal
